{
  "name": "Vue_Laravel_Go_Spring_MyFood",
  "lockfileVersion": 2,
  "requires": true,
  "packages": {
    "": {
      "dependencies": {
        "vue-final-modal": "^3.4.11"
      }
    },
    "node_modules/vue-final-modal": {
      "version": "3.4.11",
      "resolved": "https://registry.npmjs.org/vue-final-modal/-/vue-final-modal-3.4.11.tgz",
      "integrity": "sha512-tKBM4hcUo16rUGa/UaYMlut11cRfxMZnahz9u+mAoSk8mQNdnm9FHzOeHIcUxNHvMC/YyVBlOHi+2GqOVO8zig=="
    }
  },
  "dependencies": {
    "vue-final-modal": {
      "version": "3.4.11",
      "resolved": "https://registry.npmjs.org/vue-final-modal/-/vue-final-modal-3.4.11.tgz",
      "integrity": "sha512-tKBM4hcUo16rUGa/UaYMlut11cRfxMZnahz9u+mAoSk8mQNdnm9FHzOeHIcUxNHvMC/YyVBlOHi+2GqOVO8zig=="
    }
  }
}
